
Microsoft Visual Studio Solution File, Format Version 12.00
# Visual Studio 15
VisualStudioVersion = 15.0.26730.3
MinimumVisualStudioVersion = 10.0.40219.1
Project("{FAE04EC0-301F-11D3-BF4B-00C04F79EFBC}") = "Compression", "Compression\Compression.csproj", "{DEF472A1-C3F2-47B4-AB31-7ABC65982FC8}"
EndProject
Global
	GlobalSection(SolutionConfigurationPlatforms) = preSolution
		Debug|Any CPU = Debug|Any CPU
		Release|Any CPU = Release|Any CPU
	EndGlobalSection
	GlobalSection(ProjectConfigurationPlatforms) = postSolution
		{DEF472A1-C3F2-47B4-AB31-7ABC65982FC8}.Debug|Any CPU.ActiveCfg = Debug|Any CPU
		{DEF472A1-C3F2-47B4-AB31-7ABC65982FC8}.Debug|Any CPU.Build.0 = Debug|Any CPU
		{DEF472A1-C3F2-47B4-AB31-7ABC65982FC8}.Release|Any CPU.ActiveCfg = Release|Any CPU
		{DEF472A1-C3F2-47B4-AB31-7ABC65982FC8}.Release|Any CPU.Build.0 = Release|Any CPU
	EndGlobalSection
	GlobalSection(SolutionProperties) = preSolution
		HideSolutionNode = FALSE
	EndGlobalSection
	GlobalSection(ExtensibilityGlobals) = postSolution
		SolutionGuid = {EC4FBDCB-ADFD-4098-9A05-69E363764D42}
	EndGlobalSection
EndGlobal
